// !$*UTF8*$!
{
	archiveVersion = 1;
	classes = {
	};
	objectVersion = 70;
	objects = {

/* Begin PBXBuildFile section */
		240092EE2CCC1CE10097FBCD /* XCTest.framework in Frameworks */ = {isa = PBXBuildFile; fileRef = 243BFFAB2CCB2F1600D7CF6B /* XCTest.framework */; platformFilter = ios; };
		240092EF2CCC1CE10097FBCD /* XCTest.framework in Embed Frameworks */ = {isa = PBXBuildFile; fileRef = 243BFFAB2CCB2F1600D7CF6B /* XCTest.framework */; platformFilter = ios; settings = {ATTRIBUTES = (CodeSignOnCopy, RemoveHeadersOnCopy, ); }; };
		241917C92C6AE804004147DF /* career_appApp.swift in Sources */ = {isa = PBXBuildFile; fileRef = 241917C82C6AE804004147DF /* career_appApp.swift */; };
		241917CB2C6AE804004147DF /* ContentView.swift in Sources */ = {isa = PBXBuildFile; fileRef = 241917CA2C6AE804004147DF /* ContentView.swift */; };
		241917CD2C6AE806004147DF /* Assets.xcassets in Resources */ = {isa = PBXBuildFile; fileRef = 241917CC2C6AE806004147DF /* Assets.xcassets */; };
		241917D02C6AE806004147DF /* Preview Assets.xcassets in Resources */ = {isa = PBXBuildFile; fileRef = 241917CF2C6AE806004147DF /* Preview Assets.xcassets */; };
		241CBCE82CCAFB7D00BD0995 /* InterviewQuestionsViewController.swift in Sources */ = {isa = PBXBuildFile; fileRef = 241CBCE72CCAFB7D00BD0995 /* InterviewQuestionsViewController.swift */; };
		243B00022CCBC7DA00D7CF6B /* FirebaseAnalytics in Frameworks */ = {isa = PBXBuildFile; productRef = 243B00012CCBC7DA00D7CF6B /* FirebaseAnalytics */; };
		243B00062CCBC7DA00D7CF6B /* FirebaseAnalyticsWithoutAdIdSupport in Frameworks */ = {isa = PBXBuildFile; productRef = 243B00052CCBC7DA00D7CF6B /* FirebaseAnalyticsWithoutAdIdSupport */; };
		243BFFFD2CCB34C500D7CF6B /* SnapshotTesting in Frameworks */ = {isa = PBXBuildFile; productRef = 243BFFFC2CCB34C500D7CF6B /* SnapshotTesting */; };
		243CF7B02CCD9ABE00685B91 /* Testing in Frameworks */ = {isa = PBXBuildFile; productRef = 243CF7AF2CCD9ABE00685B91 /* Testing */; };
		243CF7B12CCD9C1900685B91 /* Testing.framework in Frameworks */ = {isa = PBXBuildFile; fileRef = 243BFFAD2CCB30F200D7CF6B /* Testing.framework */; platformFilter = ios; };
		243CF7BA2CD0553F00685B91 /* JobApplicationTrackerView.swift in Sources */ = {isa = PBXBuildFile; fileRef = 243CF7B92CD0553C00685B91 /* JobApplicationTrackerView.swift */; };
		243CF7BF2CD2F27F00685B91 /* FullArticleListView.swift in Sources */ = {isa = PBXBuildFile; fileRef = 243CF7BE2CD2F26800685B91 /* FullArticleListView.swift */; };
		244DDAB52C797567007FB768 /* CalendarView.swift in Sources */ = {isa = PBXBuildFile; fileRef = 244DDAB42C797567007FB768 /* CalendarView.swift */; };
		244DDAB82C7A72A7007FB768 /* Article.swift in Sources */ = {isa = PBXBuildFile; fileRef = 244DDAB72C7A72A7007FB768 /* Article.swift */; };
		244DDABA2C7A72C8007FB768 /* BlogView.swift in Sources */ = {isa = PBXBuildFile; fileRef = 244DDAB92C7A72C8007FB768 /* BlogView.swift */; };
		244DDABD2C7A83AE007FB768 /* ResumeView.swift in Sources */ = {isa = PBXBuildFile; fileRef = 244DDABC2C7A83AE007FB768 /* ResumeView.swift */; };
		244DDAC12C7B9843007FB768 /* InterviewGenerateQuestionsView.swift in Sources */ = {isa = PBXBuildFile; fileRef = 244DDAC02C7B9843007FB768 /* InterviewGenerateQuestionsView.swift */; };
		244DDAC42C7B9BFA007FB768 /* TextDocument.swift in Sources */ = {isa = PBXBuildFile; fileRef = 244DDAC32C7B9BFA007FB768 /* TextDocument.swift */; };
		24923F9B2CBF4F660081E887 /* HomeStrings.xcstrings in Resources */ = {isa = PBXBuildFile; fileRef = 24923F9A2CBF4F660081E887 /* HomeStrings.xcstrings */; };
		24923F9D2CBF4F870081E887 /* HomeStrings.swift in Sources */ = {isa = PBXBuildFile; fileRef = 24923F9C2CBF4F870081E887 /* HomeStrings.swift */; };
		24923F9F2CBF65060081E887 /* Localizable.xcstrings in Resources */ = {isa = PBXBuildFile; fileRef = 24923F9E2CBF65060081E887 /* Localizable.xcstrings */; };
		24923FA32CC053920081E887 /* LocalizedStrings.swift in Sources */ = {isa = PBXBuildFile; fileRef = 24923FA22CC053920081E887 /* LocalizedStrings.swift */; };
		2492405F2CC8664D0081E887 /* InterviewQuestionsView.swift in Sources */ = {isa = PBXBuildFile; fileRef = 2492405E2CC8664D0081E887 /* InterviewQuestionsView.swift */; };
		249240622CC86F3C0081E887 /* Color.swift in Sources */ = {isa = PBXBuildFile; fileRef = 249240612CC86F3C0081E887 /* Color.swift */; };
		249240642CC9871E0081E887 /* OpenAPIResponse.swift in Sources */ = {isa = PBXBuildFile; fileRef = 249240632CC9871D0081E887 /* OpenAPIResponse.swift */; };
		24D89C4A2C8175DC00995945 /* FirebaseAnalytics in Frameworks */ = {isa = PBXBuildFile; productRef = 24D89C492C8175DC00995945 /* FirebaseAnalytics */; };
		24D89C4C2C8175DC00995945 /* FirebaseAnalyticsWithoutAdIdSupport in Frameworks */ = {isa = PBXBuildFile; productRef = 24D89C4B2C8175DC00995945 /* FirebaseAnalyticsWithoutAdIdSupport */; };
		24D89C4E2C81834800995945 /* AppDelegate.swift in Sources */ = {isa = PBXBuildFile; fileRef = 24D89C4D2C81834800995945 /* AppDelegate.swift */; };
		702F26802CEE961100A6EEDB /* GoogleService-Info.plist in Resources */ = {isa = PBXBuildFile; fileRef = 702F267F2CEE961100A6EEDB /* GoogleService-Info.plist */; };
/* End PBXBuildFile section */

/* Begin PBXContainerItemProxy section */
		243BFFC72CCB34B200D7CF6B /* PBXContainerItemProxy */ = {
			isa = PBXContainerItemProxy;
			containerPortal = 241917BD2C6AE804004147DF /* Project object */;
			proxyType = 1;
			remoteGlobalIDString = 241917C42C6AE804004147DF;
			remoteInfo = "career-app";
		};
/* End PBXContainerItemProxy section */

/* Begin PBXCopyFilesBuildPhase section */
		243B003A2CCBCE2000D7CF6B /* Embed Frameworks */ = {
			isa = PBXCopyFilesBuildPhase;
			buildActionMask = 2147483647;
			dstPath = "";
			dstSubfolderSpec = 10;
			files = (
				240092EF2CCC1CE10097FBCD /* XCTest.framework in Embed Frameworks */,
			);
			name = "Embed Frameworks";
			runOnlyForDeploymentPostprocessing = 0;
		};
		24B356902CCBE27A005AF38D /* Embed Frameworks */ = {
			isa = PBXCopyFilesBuildPhase;
			buildActionMask = 2147483647;
			dstPath = "";
			dstSubfolderSpec = 10;
			files = (
			);
			name = "Embed Frameworks";
			runOnlyForDeploymentPostprocessing = 0;
		};
/* End PBXCopyFilesBuildPhase section */

/* Begin PBXFileReference section */
		241917C52C6AE804004147DF /* career-app.app */ = {isa = PBXFileReference; explicitFileType = wrapper.application; includeInIndex = 0; path = "career-app.app"; sourceTree = BUILT_PRODUCTS_DIR; };
		241917C82C6AE804004147DF /* career_appApp.swift */ = {isa = PBXFileReference; lastKnownFileType = sourcecode.swift; path = career_appApp.swift; sourceTree = "<group>"; };
		241917CA2C6AE804004147DF /* ContentView.swift */ = {isa = PBXFileReference; lastKnownFileType = sourcecode.swift; path = ContentView.swift; sourceTree = "<group>"; };
		241917CC2C6AE806004147DF /* Assets.xcassets */ = {isa = PBXFileReference; lastKnownFileType = folder.assetcatalog; path = Assets.xcassets; sourceTree = "<group>"; };
		241917CF2C6AE806004147DF /* Preview Assets.xcassets */ = {isa = PBXFileReference; lastKnownFileType = folder.assetcatalog; path = "Preview Assets.xcassets"; sourceTree = "<group>"; };
		241CBCE72CCAFB7D00BD0995 /* InterviewQuestionsViewController.swift */ = {isa = PBXFileReference; lastKnownFileType = sourcecode.swift; path = InterviewQuestionsViewController.swift; sourceTree = "<group>"; };
		243BFFAB2CCB2F1600D7CF6B /* XCTest.framework */ = {isa = PBXFileReference; lastKnownFileType = wrapper.framework; name = XCTest.framework; path = Platforms/iPhoneOS.platform/Developer/Library/Frameworks/XCTest.framework; sourceTree = DEVELOPER_DIR; };
		243BFFAD2CCB30F200D7CF6B /* Testing.framework */ = {isa = PBXFileReference; lastKnownFileType = wrapper.framework; name = Testing.framework; path = Platforms/iPhoneOS.platform/Developer/Library/Frameworks/Testing.framework; sourceTree = DEVELOPER_DIR; };
		243BFFC32CCB34B200D7CF6B /* Career App Unit Tests.xctest */ = {isa = PBXFileReference; explicitFileType = wrapper.cfbundle; includeInIndex = 0; path = "Career App Unit Tests.xctest"; sourceTree = BUILT_PRODUCTS_DIR; };
		243CF7B92CD0553C00685B91 /* JobApplicationTrackerView.swift */ = {isa = PBXFileReference; lastKnownFileType = sourcecode.swift; path = JobApplicationTrackerView.swift; sourceTree = "<group>"; };
		243CF7BE2CD2F26800685B91 /* FullArticleListView.swift */ = {isa = PBXFileReference; lastKnownFileType = sourcecode.swift; path = FullArticleListView.swift; sourceTree = "<group>"; };
		244DDAB42C797567007FB768 /* CalendarView.swift */ = {isa = PBXFileReference; lastKnownFileType = sourcecode.swift; path = CalendarView.swift; sourceTree = "<group>"; };
		244DDAB72C7A72A7007FB768 /* Article.swift */ = {isa = PBXFileReference; lastKnownFileType = sourcecode.swift; path = Article.swift; sourceTree = "<group>"; };
		244DDAB92C7A72C8007FB768 /* BlogView.swift */ = {isa = PBXFileReference; lastKnownFileType = sourcecode.swift; path = BlogView.swift; sourceTree = "<group>"; };
		244DDABC2C7A83AE007FB768 /* ResumeView.swift */ = {isa = PBXFileReference; lastKnownFileType = sourcecode.swift; path = ResumeView.swift; sourceTree = "<group>"; };
		244DDAC02C7B9843007FB768 /* InterviewGenerateQuestionsView.swift */ = {isa = PBXFileReference; lastKnownFileType = sourcecode.swift; path = InterviewGenerateQuestionsView.swift; sourceTree = "<group>"; };
		244DDAC32C7B9BFA007FB768 /* TextDocument.swift */ = {isa = PBXFileReference; lastKnownFileType = sourcecode.swift; path = TextDocument.swift; sourceTree = "<group>"; };
		24923F9A2CBF4F660081E887 /* HomeStrings.xcstrings */ = {isa = PBXFileReference; lastKnownFileType = text.json.xcstrings; path = HomeStrings.xcstrings; sourceTree = "<group>"; };
		24923F9C2CBF4F870081E887 /* HomeStrings.swift */ = {isa = PBXFileReference; lastKnownFileType = sourcecode.swift; path = HomeStrings.swift; sourceTree = "<group>"; };
		24923F9E2CBF65060081E887 /* Localizable.xcstrings */ = {isa = PBXFileReference; lastKnownFileType = text.json.xcstrings; path = Localizable.xcstrings; sourceTree = "<group>"; };
		24923FA22CC053920081E887 /* LocalizedStrings.swift */ = {isa = PBXFileReference; lastKnownFileType = sourcecode.swift; path = LocalizedStrings.swift; sourceTree = "<group>"; };
		2492405E2CC8664D0081E887 /* InterviewQuestionsView.swift */ = {isa = PBXFileReference; lastKnownFileType = sourcecode.swift; path = InterviewQuestionsView.swift; sourceTree = "<group>"; };
		249240612CC86F3C0081E887 /* Color.swift */ = {isa = PBXFileReference; lastKnownFileType = sourcecode.swift; path = Color.swift; sourceTree = "<group>"; };
		249240632CC9871D0081E887 /* OpenAPIResponse.swift */ = {isa = PBXFileReference; lastKnownFileType = sourcecode.swift; path = OpenAPIResponse.swift; sourceTree = "<group>"; };
		24D89C4D2C81834800995945 /* AppDelegate.swift */ = {isa = PBXFileReference; lastKnownFileType = sourcecode.swift; path = AppDelegate.swift; sourceTree = "<group>"; };
		702F267F2CEE961100A6EEDB /* GoogleService-Info.plist */ = {isa = PBXFileReference; lastKnownFileType = text.plist.xml; path = "GoogleService-Info.plist"; sourceTree = "<group>"; };
/* End PBXFileReference section */

/* Begin PBXFileSystemSynchronizedRootGroup section */
		243BFFC42CCB34B200D7CF6B /* Career App Unit Tests */ = {isa = PBXFileSystemSynchronizedRootGroup; explicitFileTypes = {}; explicitFolders = (); path = "Career App Unit Tests"; sourceTree = "<group>"; };
/* End PBXFileSystemSynchronizedRootGroup section */

/* Begin PBXFrameworksBuildPhase section */
		241917C22C6AE804004147DF /* Frameworks */ = {
			isa = PBXFrameworksBuildPhase;
			buildActionMask = 2147483647;
			files = (
				24D89C4A2C8175DC00995945 /* FirebaseAnalytics in Frameworks */,
				24D89C4C2C8175DC00995945 /* FirebaseAnalyticsWithoutAdIdSupport in Frameworks */,
			);
			runOnlyForDeploymentPostprocessing = 0;
		};
		243BFFC02CCB34B200D7CF6B /* Frameworks */ = {
			isa = PBXFrameworksBuildPhase;
			buildActionMask = 2147483647;
			files = (
				243CF7B12CCD9C1900685B91 /* Testing.framework in Frameworks */,
				243B00022CCBC7DA00D7CF6B /* FirebaseAnalytics in Frameworks */,
				243CF7B02CCD9ABE00685B91 /* Testing in Frameworks */,
				240092EE2CCC1CE10097FBCD /* XCTest.framework in Frameworks */,
				243BFFFD2CCB34C500D7CF6B /* SnapshotTesting in Frameworks */,
				243B00062CCBC7DA00D7CF6B /* FirebaseAnalyticsWithoutAdIdSupport in Frameworks */,
			);
			runOnlyForDeploymentPostprocessing = 0;
		};
/* End PBXFrameworksBuildPhase section */

/* Begin PBXGroup section */
		241917BC2C6AE804004147DF = {
			isa = PBXGroup;
			children = (
				241917C72C6AE804004147DF /* career-app */,
				243BFFC42CCB34B200D7CF6B /* Career App Unit Tests */,
				241917C62C6AE804004147DF /* Products */,
				2492406B2CC9A4570081E887 /* Frameworks */,
			);
			sourceTree = "<group>";
		};
		241917C62C6AE804004147DF /* Products */ = {
			isa = PBXGroup;
			children = (
				241917C52C6AE804004147DF /* career-app.app */,
				243BFFC32CCB34B200D7CF6B /* Career App Unit Tests.xctest */,
			);
			name = Products;
			sourceTree = "<group>";
		};
		241917C72C6AE804004147DF /* career-app */ = {
			isa = PBXGroup;
			children = (
				243CF7B82CD0553500685B91 /* Track */,
				249240602CC86F2C0081E887 /* Extensions */,
				702F267F2CEE961100A6EEDB /* GoogleService-Info.plist */,
				244DDABE2C7B9810007FB768 /* Interview */,
				244DDABB2C7A83A0007FB768 /* Resume */,
				244DDAB62C7A7299007FB768 /* Blog */,
				241917C82C6AE804004147DF /* career_appApp.swift */,
				241917CA2C6AE804004147DF /* ContentView.swift */,
				241917CC2C6AE806004147DF /* Assets.xcassets */,
				241917CE2C6AE806004147DF /* Preview Content */,
				244DDAB42C797567007FB768 /* CalendarView.swift */,
				24D89C4D2C81834800995945 /* AppDelegate.swift */,
				24923F9A2CBF4F660081E887 /* HomeStrings.xcstrings */,
				24923F9C2CBF4F870081E887 /* HomeStrings.swift */,
				24923F9E2CBF65060081E887 /* Localizable.xcstrings */,
				24923FA22CC053920081E887 /* LocalizedStrings.swift */,
			);
			path = "career-app";
			sourceTree = "<group>";
		};
		241917CE2C6AE806004147DF /* Preview Content */ = {
			isa = PBXGroup;
			children = (
				241917CF2C6AE806004147DF /* Preview Assets.xcassets */,
			);
			path = "Preview Content";
			sourceTree = "<group>";
		};
		243CF7B82CD0553500685B91 /* Track */ = {
			isa = PBXGroup;
			children = (
				243CF7B92CD0553C00685B91 /* JobApplicationTrackerView.swift */,
			);
			path = Track;
			sourceTree = "<group>";
		};
		244DDAB62C7A7299007FB768 /* Blog */ = {
			isa = PBXGroup;
			children = (
				243CF7BE2CD2F26800685B91 /* FullArticleListView.swift */,
				244DDAB72C7A72A7007FB768 /* Article.swift */,
				244DDAB92C7A72C8007FB768 /* BlogView.swift */,
			);
			path = Blog;
			sourceTree = "<group>";
		};
		244DDABB2C7A83A0007FB768 /* Resume */ = {
			isa = PBXGroup;
			children = (
				244DDABC2C7A83AE007FB768 /* ResumeView.swift */,
			);
			path = Resume;
			sourceTree = "<group>";
		};
		244DDABE2C7B9810007FB768 /* Interview */ = {
			isa = PBXGroup;
			children = (
				244DDABF2C7B981A007FB768 /* GenerateQuestions */,
				241CBCE72CCAFB7D00BD0995 /* InterviewQuestionsViewController.swift */,
			);
			path = Interview;
			sourceTree = "<group>";
		};
		244DDABF2C7B981A007FB768 /* GenerateQuestions */ = {
			isa = PBXGroup;
			children = (
				244DDAC22C7B9B98007FB768 /* Resume */,
				244DDAC02C7B9843007FB768 /* InterviewGenerateQuestionsView.swift */,
				2492405E2CC8664D0081E887 /* InterviewQuestionsView.swift */,
				249240632CC9871D0081E887 /* OpenAPIResponse.swift */,
			);
			path = GenerateQuestions;
			sourceTree = "<group>";
		};
		244DDAC22C7B9B98007FB768 /* Resume */ = {
			isa = PBXGroup;
			children = (
				244DDAC32C7B9BFA007FB768 /* TextDocument.swift */,
			);
			path = Resume;
			sourceTree = "<group>";
		};
		249240602CC86F2C0081E887 /* Extensions */ = {
			isa = PBXGroup;
			children = (
				249240612CC86F3C0081E887 /* Color.swift */,
			);
			path = Extensions;
			sourceTree = "<group>";
		};
		2492406B2CC9A4570081E887 /* Frameworks */ = {
			isa = PBXGroup;
			children = (
				243BFFAD2CCB30F200D7CF6B /* Testing.framework */,
				243BFFAB2CCB2F1600D7CF6B /* XCTest.framework */,
			);
			name = Frameworks;
			sourceTree = "<group>";
		};
/* End PBXGroup section */

/* Begin PBXNativeTarget section */
		241917C42C6AE804004147DF /* career-app */ = {
			isa = PBXNativeTarget;
			buildConfigurationList = 241917E92C6AE807004147DF /* Build configuration list for PBXNativeTarget "career-app" */;
			buildPhases = (
				241917C12C6AE804004147DF /* Sources */,
				241917C22C6AE804004147DF /* Frameworks */,
				241917C32C6AE804004147DF /* Resources */,
				24B356902CCBE27A005AF38D /* Embed Frameworks */,
			);
			buildRules = (
			);
			dependencies = (
			);
			name = "career-app";
			packageProductDependencies = (
				24D89C492C8175DC00995945 /* FirebaseAnalytics */,
				24D89C4B2C8175DC00995945 /* FirebaseAnalyticsWithoutAdIdSupport */,
			);
			productName = "career-app";
			productReference = 241917C52C6AE804004147DF /* career-app.app */;
			productType = "com.apple.product-type.application";
		};
		243BFFC22CCB34B200D7CF6B /* Career App Unit Tests */ = {
			isa = PBXNativeTarget;
			buildConfigurationList = 243BFFC92CCB34B200D7CF6B /* Build configuration list for PBXNativeTarget "Career App Unit Tests" */;
			buildPhases = (
				243BFFBF2CCB34B200D7CF6B /* Sources */,
				243BFFC02CCB34B200D7CF6B /* Frameworks */,
				243BFFC12CCB34B200D7CF6B /* Resources */,
				243B003A2CCBCE2000D7CF6B /* Embed Frameworks */,
			);
			buildRules = (
			);
			dependencies = (
				243BFFC82CCB34B200D7CF6B /* PBXTargetDependency */,
			);
			fileSystemSynchronizedGroups = (
				243BFFC42CCB34B200D7CF6B /* Career App Unit Tests */,
			);
			name = "Career App Unit Tests";
			packageProductDependencies = (
				243BFFFC2CCB34C500D7CF6B /* SnapshotTesting */,
				243B00012CCBC7DA00D7CF6B /* FirebaseAnalytics */,
				243B00052CCBC7DA00D7CF6B /* FirebaseAnalyticsWithoutAdIdSupport */,
				243CF7AF2CCD9ABE00685B91 /* Testing */,
			);
			productName = "Career App Unit Tests";
			productReference = 243BFFC32CCB34B200D7CF6B /* Career App Unit Tests.xctest */;
			productType = "com.apple.product-type.bundle.unit-test";
		};
/* End PBXNativeTarget section */

/* Begin PBXProject section */
		241917BD2C6AE804004147DF /* Project object */ = {
			isa = PBXProject;
			attributes = {
				BuildIndependentTargetsInParallel = 1;
				LastSwiftUpdateCheck = 1600;
				LastUpgradeCheck = 1500;
				TargetAttributes = {
					241917C42C6AE804004147DF = {
						CreatedOnToolsVersion = 15.0;
					};
					243BFFC22CCB34B200D7CF6B = {
						CreatedOnToolsVersion = 16.0;
						TestTargetID = 241917C42C6AE804004147DF;
					};
				};
			};
			buildConfigurationList = 241917C02C6AE804004147DF /* Build configuration list for PBXProject "career-app" */;
			compatibilityVersion = "Xcode 14.0";
			developmentRegion = en;
			hasScannedForEncodings = 0;
			knownRegions = (
				en,
				Base,
				"pt-BR",
			);
			mainGroup = 241917BC2C6AE804004147DF;
			packageReferences = (
				24D89C482C8175DC00995945 /* XCRemoteSwiftPackageReference "firebase-ios-sdk" */,
				249240682CC9A3520081E887 /* XCRemoteSwiftPackageReference "swift-snapshot-testing" */,
				24B3568E2CCBE255005AF38D /* XCRemoteSwiftPackageReference "swift-syntax" */,
				243CF7AE2CCD9ABE00685B91 /* XCRemoteSwiftPackageReference "swift-testing" */,
			);
			productRefGroup = 241917C62C6AE804004147DF /* Products */;
			projectDirPath = "";
			projectRoot = "";
			targets = (
				241917C42C6AE804004147DF /* career-app */,
				243BFFC22CCB34B200D7CF6B /* Career App Unit Tests */,
			);
		};
/* End PBXProject section */

/* Begin PBXResourcesBuildPhase section */
		241917C32C6AE804004147DF /* Resources */ = {
			isa = PBXResourcesBuildPhase;
			buildActionMask = 2147483647;
			files = (
				241917D02C6AE806004147DF /* Preview Assets.xcassets in Resources */,
				24923F9F2CBF65060081E887 /* Localizable.xcstrings in Resources */,
				241917CD2C6AE806004147DF /* Assets.xcassets in Resources */,
				24923F9B2CBF4F660081E887 /* HomeStrings.xcstrings in Resources */,
				702F26802CEE961100A6EEDB /* GoogleService-Info.plist in Resources */,
			);
			runOnlyForDeploymentPostprocessing = 0;
		};
		243BFFC12CCB34B200D7CF6B /* Resources */ = {
			isa = PBXResourcesBuildPhase;
			buildActionMask = 2147483647;
			files = (
			);
			runOnlyForDeploymentPostprocessing = 0;
		};
/* End PBXResourcesBuildPhase section */

/* Begin PBXSourcesBuildPhase section */
		241917C12C6AE804004147DF /* Sources */ = {
			isa = PBXSourcesBuildPhase;
			buildActionMask = 2147483647;
			files = (
				243CF7BA2CD0553F00685B91 /* JobApplicationTrackerView.swift in Sources */,
				244DDAB82C7A72A7007FB768 /* Article.swift in Sources */,
				244DDAC42C7B9BFA007FB768 /* TextDocument.swift in Sources */,
				241917CB2C6AE804004147DF /* ContentView.swift in Sources */,
				24923F9D2CBF4F870081E887 /* HomeStrings.swift in Sources */,
				249240622CC86F3C0081E887 /* Color.swift in Sources */,
				24D89C4E2C81834800995945 /* AppDelegate.swift in Sources */,
				244DDABD2C7A83AE007FB768 /* ResumeView.swift in Sources */,
				249240642CC9871E0081E887 /* OpenAPIResponse.swift in Sources */,
				2492405F2CC8664D0081E887 /* InterviewQuestionsView.swift in Sources */,
				241CBCE82CCAFB7D00BD0995 /* InterviewQuestionsViewController.swift in Sources */,
				244DDABA2C7A72C8007FB768 /* BlogView.swift in Sources */,
				244DDAC12C7B9843007FB768 /* InterviewGenerateQuestionsView.swift in Sources */,
				241917C92C6AE804004147DF /* career_appApp.swift in Sources */,
				243CF7BF2CD2F27F00685B91 /* FullArticleListView.swift in Sources */,
				24923FA32CC053920081E887 /* LocalizedStrings.swift in Sources */,
				244DDAB52C797567007FB768 /* CalendarView.swift in Sources */,
			);
			runOnlyForDeploymentPostprocessing = 0;
		};
		243BFFBF2CCB34B200D7CF6B /* Sources */ = {
			isa = PBXSourcesBuildPhase;
			buildActionMask = 2147483647;
			files = (
			);
			runOnlyForDeploymentPostprocessing = 0;
		};
/* End PBXSourcesBuildPhase section */

/* Begin PBXTargetDependency section */
		243BFFC82CCB34B200D7CF6B /* PBXTargetDependency */ = {
			isa = PBXTargetDependency;
			target = 241917C42C6AE804004147DF /* career-app */;
			targetProxy = 243BFFC72CCB34B200D7CF6B /* PBXContainerItemProxy */;
		};
/* End PBXTargetDependency section */

/* Begin XCBuildConfiguration section */
		241917E72C6AE807004147DF /* Debug */ = {
			isa = XCBuildConfiguration;
			buildSettings = {
				ALWAYS_SEARCH_USER_PATHS = NO;
				ASSETCATALOG_COMPILER_GENERATE_SWIFT_ASSET_SYMBOL_EXTENSIONS = YES;
				CLANG_ANALYZER_NONNULL = YES;
				CLANG_ANALYZER_NUMBER_OBJECT_CONVERSION = YES_AGGRESSIVE;
				CLANG_CXX_LANGUAGE_STANDARD = "gnu++20";
				CLANG_ENABLE_MODULES = YES;
				CLANG_ENABLE_OBJC_ARC = YES;
				CLANG_ENABLE_OBJC_WEAK = YES;
				CLANG_WARN_BLOCK_CAPTURE_AUTORELEASING = YES;
				CLANG_WARN_BOOL_CONVERSION = YES;
				CLANG_WARN_COMMA = YES;
				CLANG_WARN_CONSTANT_CONVERSION = YES;
				CLANG_WARN_DEPRECATED_OBJC_IMPLEMENTATIONS = YES;
				CLANG_WARN_DIRECT_OBJC_ISA_USAGE = YES_ERROR;
				CLANG_WARN_DOCUMENTATION_COMMENTS = YES;
				CLANG_WARN_EMPTY_BODY = YES;
				CLANG_WARN_ENUM_CONVERSION = YES;
				CLANG_WARN_INFINITE_RECURSION = YES;
				CLANG_WARN_INT_CONVERSION = YES;
				CLANG_WARN_NON_LITERAL_NULL_CONVERSION = YES;
				CLANG_WARN_OBJC_IMPLICIT_RETAIN_SELF = YES;
				CLANG_WARN_OBJC_LITERAL_CONVERSION = YES;
				CLANG_WARN_OBJC_ROOT_CLASS = YES_ERROR;
				CLANG_WARN_QUOTED_INCLUDE_IN_FRAMEWORK_HEADER = YES;
				CLANG_WARN_RANGE_LOOP_ANALYSIS = YES;
				CLANG_WARN_STRICT_PROTOTYPES = YES;
				CLANG_WARN_SUSPICIOUS_MOVE = YES;
				CLANG_WARN_UNGUARDED_AVAILABILITY = YES_AGGRESSIVE;
				CLANG_WARN_UNREACHABLE_CODE = YES;
				CLANG_WARN__DUPLICATE_METHOD_MATCH = YES;
				COPY_PHASE_STRIP = NO;
				DEBUG_INFORMATION_FORMAT = dwarf;
				ENABLE_STRICT_OBJC_MSGSEND = YES;
				ENABLE_TESTABILITY = YES;
				ENABLE_USER_SCRIPT_SANDBOXING = YES;
				GCC_C_LANGUAGE_STANDARD = gnu17;
				GCC_DYNAMIC_NO_PIC = NO;
				GCC_NO_COMMON_BLOCKS = YES;
				GCC_OPTIMIZATION_LEVEL = 0;
				GCC_PREPROCESSOR_DEFINITIONS = (
					"DEBUG=1",
					"$(inherited)",
				);
				GCC_WARN_64_TO_32_BIT_CONVERSION = YES;
				GCC_WARN_ABOUT_RETURN_TYPE = YES_ERROR;
				GCC_WARN_UNDECLARED_SELECTOR = YES;
				GCC_WARN_UNINITIALIZED_AUTOS = YES_AGGRESSIVE;
				GCC_WARN_UNUSED_FUNCTION = YES;
				GCC_WARN_UNUSED_VARIABLE = YES;
				IPHONEOS_DEPLOYMENT_TARGET = 17.0;
				LOCALIZATION_PREFERS_STRING_CATALOGS = YES;
				MTL_ENABLE_DEBUG_INFO = INCLUDE_SOURCE;
				MTL_FAST_MATH = YES;
				ONLY_ACTIVE_ARCH = YES;
				SDKROOT = iphoneos;
				SWIFT_ACTIVE_COMPILATION_CONDITIONS = "DEBUG $(inherited)";
				SWIFT_OPTIMIZATION_LEVEL = "-Onone";
			};
			name = Debug;
		};
		241917E82C6AE807004147DF /* Release */ = {
			isa = XCBuildConfiguration;
			buildSettings = {
				ALWAYS_SEARCH_USER_PATHS = NO;
				ASSETCATALOG_COMPILER_GENERATE_SWIFT_ASSET_SYMBOL_EXTENSIONS = YES;
				CLANG_ANALYZER_NONNULL = YES;
				CLANG_ANALYZER_NUMBER_OBJECT_CONVERSION = YES_AGGRESSIVE;
				CLANG_CXX_LANGUAGE_STANDARD = "gnu++20";
				CLANG_ENABLE_MODULES = YES;
				CLANG_ENABLE_OBJC_ARC = YES;
				CLANG_ENABLE_OBJC_WEAK = YES;
				CLANG_WARN_BLOCK_CAPTURE_AUTORELEASING = YES;
				CLANG_WARN_BOOL_CONVERSION = YES;
				CLANG_WARN_COMMA = YES;
				CLANG_WARN_CONSTANT_CONVERSION = YES;
				CLANG_WARN_DEPRECATED_OBJC_IMPLEMENTATIONS = YES;
				CLANG_WARN_DIRECT_OBJC_ISA_USAGE = YES_ERROR;
				CLANG_WARN_DOCUMENTATION_COMMENTS = YES;
				CLANG_WARN_EMPTY_BODY = YES;
				CLANG_WARN_ENUM_CONVERSION = YES;
				CLANG_WARN_INFINITE_RECURSION = YES;
				CLANG_WARN_INT_CONVERSION = YES;
				CLANG_WARN_NON_LITERAL_NULL_CONVERSION = YES;
				CLANG_WARN_OBJC_IMPLICIT_RETAIN_SELF = YES;
				CLANG_WARN_OBJC_LITERAL_CONVERSION = YES;
				CLANG_WARN_OBJC_ROOT_CLASS = YES_ERROR;
				CLANG_WARN_QUOTED_INCLUDE_IN_FRAMEWORK_HEADER = YES;
				CLANG_WARN_RANGE_LOOP_ANALYSIS = YES;
				CLANG_WARN_STRICT_PROTOTYPES = YES;
				CLANG_WARN_SUSPICIOUS_MOVE = YES;
				CLANG_WARN_UNGUARDED_AVAILABILITY = YES_AGGRESSIVE;
				CLANG_WARN_UNREACHABLE_CODE = YES;
				CLANG_WARN__DUPLICATE_METHOD_MATCH = YES;
				COPY_PHASE_STRIP = NO;
				DEBUG_INFORMATION_FORMAT = "dwarf-with-dsym";
				ENABLE_NS_ASSERTIONS = NO;
				ENABLE_STRICT_OBJC_MSGSEND = YES;
				ENABLE_USER_SCRIPT_SANDBOXING = YES;
				GCC_C_LANGUAGE_STANDARD = gnu17;
				GCC_NO_COMMON_BLOCKS = YES;
				GCC_WARN_64_TO_32_BIT_CONVERSION = YES;
				GCC_WARN_ABOUT_RETURN_TYPE = YES_ERROR;
				GCC_WARN_UNDECLARED_SELECTOR = YES;
				GCC_WARN_UNINITIALIZED_AUTOS = YES_AGGRESSIVE;
				GCC_WARN_UNUSED_FUNCTION = YES;
				GCC_WARN_UNUSED_VARIABLE = YES;
				IPHONEOS_DEPLOYMENT_TARGET = 17.0;
				LOCALIZATION_PREFERS_STRING_CATALOGS = YES;
				MTL_ENABLE_DEBUG_INFO = NO;
				MTL_FAST_MATH = YES;
				SDKROOT = iphoneos;
				SWIFT_COMPILATION_MODE = wholemodule;
				VALIDATE_PRODUCT = YES;
			};
			name = Release;
		};
		241917EA2C6AE807004147DF /* Debug */ = {
			isa = XCBuildConfiguration;
			buildSettings = {
				ASSETCATALOG_COMPILER_APPICON_NAME = AppIcon;
				ASSETCATALOG_COMPILER_GLOBAL_ACCENT_COLOR_NAME = AccentColor;
				CODE_SIGN_STYLE = Automatic;
				CURRENT_PROJECT_VERSION = 1;
				DEVELOPMENT_ASSET_PATHS = "\"career-app/Preview Content\"";
				DEVELOPMENT_TEAM = Y9Y27K9ZT7;
				ENABLE_PREVIEWS = YES;
				GENERATE_INFOPLIST_FILE = YES;
				INFOPLIST_KEY_UIApplicationSceneManifest_Generation = YES;
				INFOPLIST_KEY_UIApplicationSupportsIndirectInputEvents = YES;
				INFOPLIST_KEY_UILaunchScreen_Generation = YES;
				INFOPLIST_KEY_UISupportedInterfaceOrientations_iPad = "UIInterfaceOrientationPortrait UIInterfaceOrientationPortraitUpsideDown UIInterfaceOrientationLandscapeLeft UIInterfaceOrientationLandscapeRight";
				INFOPLIST_KEY_UISupportedInterfaceOrientations_iPhone = "UIInterfaceOrientationPortrait UIInterfaceOrientationLandscapeLeft UIInterfaceOrientationLandscapeRight";
				LD_RUNPATH_SEARCH_PATHS = (
					"$(inherited)",
					"@executable_path/Frameworks",
				);
				MARKETING_VERSION = 1.0;
				PRODUCT_BUNDLE_IDENTIFIER = "lys.com.career-app";
				PRODUCT_NAME = "$(TARGET_NAME)";
				SWIFT_EMIT_LOC_STRINGS = YES;
				SWIFT_VERSION = 5.0;
				TARGETED_DEVICE_FAMILY = "1,2";
			};
			name = Debug;
		};
		241917EB2C6AE807004147DF /* Release */ = {
			isa = XCBuildConfiguration;
			buildSettings = {
				ASSETCATALOG_COMPILER_APPICON_NAME = AppIcon;
				ASSETCATALOG_COMPILER_GLOBAL_ACCENT_COLOR_NAME = AccentColor;
				CODE_SIGN_STYLE = Automatic;
				CURRENT_PROJECT_VERSION = 1;
				DEVELOPMENT_ASSET_PATHS = "\"career-app/Preview Content\"";
				DEVELOPMENT_TEAM = Y9Y27K9ZT7;
				ENABLE_PREVIEWS = YES;
				GENERATE_INFOPLIST_FILE = YES;
				INFOPLIST_KEY_UIApplicationSceneManifest_Generation = YES;
				INFOPLIST_KEY_UIApplicationSupportsIndirectInputEvents = YES;
				INFOPLIST_KEY_UILaunchScreen_Generation = YES;
				INFOPLIST_KEY_UISupportedInterfaceOrientations_iPad = "UIInterfaceOrientationPortrait UIInterfaceOrientationPortraitUpsideDown UIInterfaceOrientationLandscapeLeft UIInterfaceOrientationLandscapeRight";
				INFOPLIST_KEY_UISupportedInterfaceOrientations_iPhone = "UIInterfaceOrientationPortrait UIInterfaceOrientationLandscapeLeft UIInterfaceOrientationLandscapeRight";
				LD_RUNPATH_SEARCH_PATHS = (
					"$(inherited)",
					"@executable_path/Frameworks",
				);
				MARKETING_VERSION = 1.0;
				PRODUCT_BUNDLE_IDENTIFIER = "lys.com.career-app";
				PRODUCT_NAME = "$(TARGET_NAME)";
				SWIFT_EMIT_LOC_STRINGS = YES;
				SWIFT_VERSION = 5.0;
				TARGETED_DEVICE_FAMILY = "1,2";
			};
			name = Release;
		};
		243BFFCA2CCB34B200D7CF6B /* Debug */ = {
			isa = XCBuildConfiguration;
			buildSettings = {
				BUNDLE_LOADER = "$(TEST_HOST)";
				CODE_SIGN_STYLE = Automatic;
				CURRENT_PROJECT_VERSION = 1;
				DEVELOPMENT_TEAM = Y9Y27K9ZT7;
				GENERATE_INFOPLIST_FILE = YES;
				IPHONEOS_DEPLOYMENT_TARGET = 18.0;
				MARKETING_VERSION = 1.0;
				PRODUCT_BUNDLE_IDENTIFIER = "br.com.lys.Career-App-Unit-Tests";
				PRODUCT_NAME = "$(TARGET_NAME)";
				SWIFT_EMIT_LOC_STRINGS = NO;
				SWIFT_VERSION = 5.0;
				TARGETED_DEVICE_FAMILY = "1,2";
				TEST_HOST = "$(BUILT_PRODUCTS_DIR)/career-app.app/$(BUNDLE_EXECUTABLE_FOLDER_PATH)/career-app";
			};
			name = Debug;
		};
		243BFFCB2CCB34B200D7CF6B /* Release */ = {
			isa = XCBuildConfiguration;
			buildSettings = {
				BUNDLE_LOADER = "$(TEST_HOST)";
				CODE_SIGN_STYLE = Automatic;
				CURRENT_PROJECT_VERSION = 1;
				DEVELOPMENT_TEAM = Y9Y27K9ZT7;
				GENERATE_INFOPLIST_FILE = YES;
				IPHONEOS_DEPLOYMENT_TARGET = 18.0;
				MARKETING_VERSION = 1.0;
				PRODUCT_BUNDLE_IDENTIFIER = "br.com.lys.Career-App-Unit-Tests";
				PRODUCT_NAME = "$(TARGET_NAME)";
				SWIFT_EMIT_LOC_STRINGS = NO;
				SWIFT_VERSION = 5.0;
				TARGETED_DEVICE_FAMILY = "1,2";
				TEST_HOST = "$(BUILT_PRODUCTS_DIR)/career-app.app/$(BUNDLE_EXECUTABLE_FOLDER_PATH)/career-app";
			};
			name = Release;
		};
/* End XCBuildConfiguration section */

/* Begin XCConfigurationList section */
		241917C02C6AE804004147DF /* Build configuration list for PBXProject "career-app" */ = {
			isa = XCConfigurationList;
			buildConfigurations = (
				241917E72C6AE807004147DF /* Debug */,
				241917E82C6AE807004147DF /* Release */,
			);
			defaultConfigurationIsVisible = 0;
			defaultConfigurationName = Release;
		};
		241917E92C6AE807004147DF /* Build configuration list for PBXNativeTarget "career-app" */ = {
			isa = XCConfigurationList;
			buildConfigurations = (
				241917EA2C6AE807004147DF /* Debug */,
				241917EB2C6AE807004147DF /* Release */,
			);
			defaultConfigurationIsVisible = 0;
			defaultConfigurationName = Release;
		};
		243BFFC92CCB34B200D7CF6B /* Build configuration list for PBXNativeTarget "Career App Unit Tests" */ = {
			isa = XCConfigurationList;
			buildConfigurations = (
				243BFFCA2CCB34B200D7CF6B /* Debug */,
				243BFFCB2CCB34B200D7CF6B /* Release */,
			);
			defaultConfigurationIsVisible = 0;
			defaultConfigurationName = Release;
		};
/* End XCConfigurationList section */

/* Begin XCRemoteSwiftPackageReference section */
		243CF7AE2CCD9ABE00685B91 /* XCRemoteSwiftPackageReference "swift-testing" */ = {
			isa = XCRemoteSwiftPackageReference;
			repositoryURL = "https://github.com/swiftlang/swift-testing.git";
			requirement = {
				branch = main;
				kind = branch;
			};
		};
		249240682CC9A3520081E887 /* XCRemoteSwiftPackageReference "swift-snapshot-testing" */ = {
			isa = XCRemoteSwiftPackageReference;
			repositoryURL = "https://github.com/pointfreeco/swift-snapshot-testing";
			requirement = {
				kind = upToNextMajorVersion;
				minimumVersion = 1.17.6;
			};
		};
		24B3568E2CCBE255005AF38D /* XCRemoteSwiftPackageReference "swift-syntax" */ = {
			isa = XCRemoteSwiftPackageReference;
			repositoryURL = "https://github.com/swiftlang/swift-syntax.git";
			requirement = {
				kind = upToNextMajorVersion;
				minimumVersion = 600.0.1;
			};
		};
		24D89C482C8175DC00995945 /* XCRemoteSwiftPackageReference "firebase-ios-sdk" */ = {
			isa = XCRemoteSwiftPackageReference;
			repositoryURL = "https://github.com/firebase/firebase-ios-sdk";
			requirement = {
				kind = upToNextMajorVersion;
				minimumVersion = 11.4.0;
			};
		};
/* End XCRemoteSwiftPackageReference section */

/* Begin XCSwiftPackageProductDependency section */
		243B00012CCBC7DA00D7CF6B /* FirebaseAnalytics */ = {
			isa = XCSwiftPackageProductDependency;
			package = 24D89C482C8175DC00995945 /* XCRemoteSwiftPackageReference "firebase-ios-sdk" */;
			productName = FirebaseAnalytics;
		};
		243B00052CCBC7DA00D7CF6B /* FirebaseAnalyticsWithoutAdIdSupport */ = {
			isa = XCSwiftPackageProductDependency;
			package = 24D89C482C8175DC00995945 /* XCRemoteSwiftPackageReference "firebase-ios-sdk" */;
			productName = FirebaseAnalyticsWithoutAdIdSupport;
		};
		243BFFFC2CCB34C500D7CF6B /* SnapshotTesting */ = {
			isa = XCSwiftPackageProductDependency;
			package = 249240682CC9A3520081E887 /* XCRemoteSwiftPackageReference "swift-snapshot-testing" */;
			productName = SnapshotTesting;
		};
		243CF7AF2CCD9ABE00685B91 /* Testing */ = {
			isa = XCSwiftPackageProductDependency;
			package = 243CF7AE2CCD9ABE00685B91 /* XCRemoteSwiftPackageReference "swift-testing" */;
			productName = Testing;
		};
		24D89C492C8175DC00995945 /* FirebaseAnalytics */ = {
			isa = XCSwiftPackageProductDependency;
			package = 24D89C482C8175DC00995945 /* XCRemoteSwiftPackageReference "firebase-ios-sdk" */;
			productName = FirebaseAnalytics;
		};
		24D89C4B2C8175DC00995945 /* FirebaseAnalyticsWithoutAdIdSupport */ = {
			isa = XCSwiftPackageProductDependency;
			package = 24D89C482C8175DC00995945 /* XCRemoteSwiftPackageReference "firebase-ios-sdk" */;
			productName = FirebaseAnalyticsWithoutAdIdSupport;
		};
/* End XCSwiftPackageProductDependency section */
	};
	rootObject = 241917BD2C6AE804004147DF /* Project object */;
}
